{
  "nodes": {
    "cachix": {
      "inputs": {
        "devenv": [
          "dis",
          "devenv"
        ],
        "flake-compat": [
          "dis",
          "devenv"
        ],
        "git-hooks": [
          "dis",
          "devenv"
        ],
        "nixpkgs": "nixpkgs"
      },
      "locked": {
        "lastModified": 1744206633,
        "narHash": "sha256-pb5aYkE8FOoa4n123slgHiOf1UbNSnKe5pEZC+xXD5g=",
        "owner": "cachix",
        "repo": "cachix",
        "rev": "8a60090640b96f9df95d1ab99e5763a586be1404",
        "type": "github"
      },
      "original": {
        "owner": "cachix",
        "ref": "latest",
        "repo": "cachix",
        "type": "github"
      }
    },
    "catppuccin": {
      "inputs": {
        "nixpkgs": [
          "nixpkgs"
        ]
      },
      "locked": {
        "lastModified": 1750153510,
        "narHash": "sha256-NYHXXJZ9m4fJpKk9tKn/EExX87SqcBcRINOGF7hKRLI=",
        "owner": "catppuccin",
        "repo": "nix",
        "rev": "4e95eaf8a351956d75cc400318579967ca2b6d0f",
        "type": "github"
      },
      "original": {
        "owner": "catppuccin",
        "repo": "nix",
        "type": "github"
      }
    },
    "devenv": {
      "inputs": {
        "cachix": "cachix",
        "flake-compat": "flake-compat",
        "git-hooks": "git-hooks",
        "nix": "nix",
        "nixpkgs": "nixpkgs_3"
      },
      "locked": {
        "lastModified": 1747717470,
        "narHash": "sha256-tk2mRZAf8C5uOkMVJHemJ3ld09CYVp/z94/lHqsQ8ZA=",
        "owner": "cachix",
        "repo": "devenv",
        "rev": "c7f2256ee4a4a4ee9cbf1e82a6e49b253c374995",
        "type": "github"
      },
      "original": {
        "owner": "cachix",
        "repo": "devenv",
        "type": "github"
      }
    },
    "dis": {
      "inputs": {
        "devenv": "devenv",
        "flake-parts": "flake-parts_2",
        "nixpkgs": [
          "nixpkgs"
        ]
      },
      "locked": {
        "lastModified": 1748017390,
        "narHash": "sha256-MLsVQDPXVKdAlQ0B2eytjNgZtJwFLfZpe9qa7GwQQnM=",
        "owner": "DontEatOreo",
        "repo": "dis",
        "rev": "ef09b4931becf2eaef7eee014b1a37c261b25542",
        "type": "github"
      },
      "original": {
        "owner": "DontEatOreo",
        "ref": "develop",
        "repo": "dis",
        "type": "github"
      }
    },
    "flake-compat": {
      "flake": false,
      "locked": {
        "lastModified": 1733328505,
        "narHash": "sha256-NeCCThCEP3eCl2l/+27kNNK7QrwZB1IJCrXfrbv5oqU=",
        "owner": "edolstra",
        "repo": "flake-compat",
        "rev": "ff81ac966bb2cae68946d5ed5fc4994f96d0ffec",
        "type": "github"
      },
      "original": {
        "owner": "edolstra",
        "repo": "flake-compat",
        "type": "github"
      }
    },
    "flake-compat_2": {
      "locked": {
        "lastModified": 1747046372,
        "narHash": "sha256-CIVLLkVgvHYbgI2UpXvIIBJ12HWgX+fjA8Xf8PUmqCY=",
        "owner": "edolstra",
        "repo": "flake-compat",
        "rev": "9100a0f413b0c601e0533d1d94ffd501ce2e7885",
        "type": "github"
      },
      "original": {
        "owner": "edolstra",
        "repo": "flake-compat",
        "type": "github"
      }
    },
    "flake-parts": {
      "inputs": {
        "nixpkgs-lib": [
          "dis",
          "devenv",
          "nix",
          "nixpkgs"
        ]
      },
      "locked": {
        "lastModified": 1712014858,
        "narHash": "sha256-sB4SWl2lX95bExY2gMFG5HIzvva5AVMJd4Igm+GpZNw=",
        "owner": "hercules-ci",
        "repo": "flake-parts",
        "rev": "9126214d0a59633752a136528f5f3b9aa8565b7d",
        "type": "github"
      },
      "original": {
        "owner": "hercules-ci",
        "repo": "flake-parts",
        "type": "github"
      }
    },
    "flake-parts_2": {
      "inputs": {
        "nixpkgs-lib": "nixpkgs-lib"
      },
      "locked": {
        "lastModified": 1743550720,
        "narHash": "sha256-hIshGgKZCgWh6AYJpJmRgFdR3WUbkY04o82X05xqQiY=",
        "owner": "hercules-ci",
        "repo": "flake-parts",
        "rev": "c621e8422220273271f52058f618c94e405bb0f5",
        "type": "github"
      },
      "original": {
        "owner": "hercules-ci",
        "repo": "flake-parts",
        "type": "github"
      }
    },
    "flake-parts_3": {
      "inputs": {
        "nixpkgs-lib": "nixpkgs-lib_2"
      },
      "locked": {
        "lastModified": 1749398372,
        "narHash": "sha256-tYBdgS56eXYaWVW3fsnPQ/nFlgWi/Z2Ymhyu21zVM98=",
        "owner": "hercules-ci",
        "repo": "flake-parts",
        "rev": "9305fe4e5c2a6fcf5ba6a3ff155720fbe4076569",
        "type": "github"
      },
      "original": {
        "owner": "hercules-ci",
        "repo": "flake-parts",
        "type": "github"
      }
    },
    "flake-utils": {
      "inputs": {
        "systems": "systems"
      },
      "locked": {
        "lastModified": 1731533236,
        "narHash": "sha256-l0KFg5HjrsfsO/JpG+r7fRrqm12kzFHyUHqHCVpMMbI=",
        "owner": "numtide",
        "repo": "flake-utils",
        "rev": "11707dc2f618dd54ca8739b309ec4fc024de578b",
        "type": "github"
      },
      "original": {
        "owner": "numtide",
        "repo": "flake-utils",
        "type": "github"
      }
    },
    "flakey-profile": {
      "locked": {
        "lastModified": 1712898590,
        "narHash": "sha256-FhGIEU93VHAChKEXx905TSiPZKga69bWl1VB37FK//I=",
        "owner": "lf-",
        "repo": "flakey-profile",
        "rev": "243c903fd8eadc0f63d205665a92d4df91d42d9d",
        "type": "github"
      },
      "original": {
        "owner": "lf-",
        "repo": "flakey-profile",
        "type": "github"
      }
    },
    "git-hooks": {
      "inputs": {
        "flake-compat": [
          "dis",
          "devenv"
        ],
        "gitignore": "gitignore",
        "nixpkgs": [
          "dis",
          "devenv",
          "nixpkgs"
        ]
      },
      "locked": {
        "lastModified": 1746537231,
        "narHash": "sha256-Wb2xeSyOsCoTCTj7LOoD6cdKLEROyFAArnYoS+noCWo=",
        "owner": "cachix",
        "repo": "git-hooks.nix",
        "rev": "fa466640195d38ec97cf0493d6d6882bc4d14969",
        "type": "github"
      },
      "original": {
        "owner": "cachix",
        "repo": "git-hooks.nix",
        "type": "github"
      }
    },
    "gitignore": {
      "inputs": {
        "nixpkgs": [
          "dis",
          "devenv",
          "git-hooks",
          "nixpkgs"
        ]
      },
      "locked": {
        "lastModified": 1709087332,
        "narHash": "sha256-HG2cCnktfHsKV0s4XW83gU3F57gaTljL9KNSuG6bnQs=",
        "owner": "hercules-ci",
        "repo": "gitignore.nix",
        "rev": "637db329424fd7e46cf4185293b9cc8c88c95394",
        "type": "github"
      },
      "original": {
        "owner": "hercules-ci",
        "repo": "gitignore.nix",
        "type": "github"
      }
    },
    "helix-editor": {
      "inputs": {
        "nixpkgs": [
          "nixpkgs"
        ],
        "rust-overlay": [
          "rust-overlay"
        ]
      },
      "locked": {
        "lastModified": 1750770554,
        "narHash": "sha256-WokzB3u2Rfk2zXBEoSQo5gF0FHZFVth0BWr8PoE8KbU=",
        "owner": "helix-editor",
        "repo": "helix",
        "rev": "974ac9eaf3797661880006fedc10933cec8d2e86",
        "type": "github"
      },
      "original": {
        "owner": "helix-editor",
        "repo": "helix",
        "type": "github"
      }
    },
    "home-manager": {
      "inputs": {
        "nixpkgs": [
          "nixpkgs"
        ]
      },
      "locked": {
        "lastModified": 1750792728,
        "narHash": "sha256-Lh3dopA8DdY+ZoaAJPrtkZOZaFEJGSYjOdAYYgOPgE4=",
        "owner": "nix-community",
        "repo": "home-manager",
        "rev": "366f00797b1efb70f2882d3da485e3c10fd3d557",
        "type": "github"
      },
      "original": {
        "owner": "nix-community",
        "ref": "release-25.05",
        "repo": "home-manager",
        "type": "github"
      }
    },
    "jj-vcs": {
      "inputs": {
        "flake-utils": [
          "flake-utils"
        ],
        "nixpkgs": [
          "nixpkgs"
        ],
        "rust-overlay": [
          "rust-overlay"
        ]
      },
      "locked": {
        "lastModified": 1750791439,
        "narHash": "sha256-CVkMcTqdoAknJ2C9C62ElfCkWl1qzlPgtRXnP7rnrt0=",
        "owner": "jj-vcs",
        "repo": "jj",
        "rev": "0536c4cd7a28f791cd5ea133f5f5a688654b88d3",
        "type": "github"
      },
      "original": {
        "owner": "jj-vcs",
        "repo": "jj",
        "type": "github"
      }
    },
    "libgit2": {
      "flake": false,
      "locked": {
        "lastModified": 1697646580,
        "narHash": "sha256-oX4Z3S9WtJlwvj0uH9HlYcWv+x1hqp8mhXl7HsLu2f0=",
        "owner": "libgit2",
        "repo": "libgit2",
        "rev": "45fd9ed7ae1a9b74b957ef4f337bc3c8b3df01b5",
        "type": "github"
      },
      "original": {
        "owner": "libgit2",
        "repo": "libgit2",
        "type": "github"
      }
    },
    "lix": {
      "inputs": {
        "flake-compat": [],
        "nix2container": [],
        "nix_2_18": "nix_2_18",
        "nixpkgs": [
          "nixpkgs"
        ],
        "nixpkgs-regression": "nixpkgs-regression",
        "pre-commit-hooks": []
      },
      "locked": {
        "lastModified": 1750714900,
        "narHash": "sha256-LmQhjQ7c+AOkwhvR9GFgJOy8oHW35MoQRELtrwyVnPw=",
        "rev": "d651cdf2ebebc0802427443bde03e67a161c63e9",
        "type": "tarball",
        "url": "https://git.lix.systems/api/v1/repos/lix-project/lix/archive/d651cdf2ebebc0802427443bde03e67a161c63e9.tar.gz?rev=d651cdf2ebebc0802427443bde03e67a161c63e9"
      },
      "original": {
        "type": "tarball",
        "url": "https://git.lix.systems/lix-project/lix/archive/2.93.1.tar.gz"
      }
    },
    "lix-module": {
      "inputs": {
        "flake-utils": [
          "flake-utils"
        ],
        "flakey-profile": "flakey-profile",
        "lix": "lix_2",
        "nixpkgs": [
          "nixpkgs"
        ]
      },
      "locked": {
        "lastModified": 1750776670,
        "narHash": "sha256-EfA5K5EZAnspmraJrXQlziffVpaT+QDBiE6yKmuaNNQ=",
        "ref": "2.93.1",
        "rev": "c3c78a32273e89d28367d8605a4c880f0b6607e3",
        "revCount": 146,
        "type": "git",
        "url": "https://git.lix.systems/lix-project/nixos-module"
      },
      "original": {
        "ref": "2.93.1",
        "type": "git",
        "url": "https://git.lix.systems/lix-project/nixos-module"
      }
    },
    "lix_2": {
      "flake": false,
      "locked": {
        "lastModified": 1750762203,
        "narHash": "sha256-LmQhjQ7c+AOkwhvR9GFgJOy8oHW35MoQRELtrwyVnPw=",
        "rev": "38b358ce27203f972faa2973cf44ba80c758f46e",
        "type": "tarball",
        "url": "https://git.lix.systems/api/v1/repos/lix-project/lix/archive/38b358ce27203f972faa2973cf44ba80c758f46e.tar.gz?rev=38b358ce27203f972faa2973cf44ba80c758f46e"
      },
      "original": {
        "type": "tarball",
        "url": "https://git.lix.systems/lix-project/lix/archive/release-2.93.tar.gz"
      }
    },
    "lowdown-src": {
      "flake": false,
      "locked": {
        "lastModified": 1633514407,
        "narHash": "sha256-Dw32tiMjdK9t3ETl5fzGrutQTzh2rufgZV4A/BbxuD4=",
        "owner": "kristapsdz",
        "repo": "lowdown",
        "rev": "d2c2b44ff6c27b936ec27358a2653caaef8f73b8",
        "type": "github"
      },
      "original": {
        "owner": "kristapsdz",
        "repo": "lowdown",
        "type": "github"
      }
    },
    "nix": {
      "inputs": {
        "flake-compat": [
          "dis",
          "devenv"
        ],
        "flake-parts": "flake-parts",
        "libgit2": "libgit2",
        "nixpkgs": "nixpkgs_2",
        "nixpkgs-23-11": [
          "dis",
          "devenv"
        ],
        "nixpkgs-regression": [
          "dis",
          "devenv"
        ],
        "pre-commit-hooks": [
          "dis",
          "devenv"
        ]
      },
      "locked": {
        "lastModified": 1745930071,
        "narHash": "sha256-bYyjarS3qSNqxfgc89IoVz8cAFDkF9yPE63EJr+h50s=",
        "owner": "domenkozar",
        "repo": "nix",
        "rev": "b455edf3505f1bf0172b39a735caef94687d0d9c",
        "type": "github"
      },
      "original": {
        "owner": "domenkozar",
        "ref": "devenv-2.24",
        "repo": "nix",
        "type": "github"
      }
    },
    "nix-darwin": {
      "inputs": {
        "nixpkgs": [
          "nixpkgs"
        ]
      },
      "locked": {
        "lastModified": 1749744770,
        "narHash": "sha256-MEM9XXHgBF/Cyv1RES1t6gqAX7/tvayBC1r/KPyK1ls=",
        "owner": "nix-darwin",
        "repo": "nix-darwin",
        "rev": "536f951efb1ccda9b968e3c9dee39fbeb6d3fdeb",
        "type": "github"
      },
      "original": {
        "owner": "nix-darwin",
        "ref": "nix-darwin-25.05",
        "repo": "nix-darwin",
        "type": "github"
      }
    },
    "nix-vscode-extensions": {
      "inputs": {
        "flake-utils": [
          "flake-utils"
        ],
        "nixpkgs": [
          "nixpkgs"
        ]
      },
      "locked": {
        "lastModified": 1750817194,
        "narHash": "sha256-9CCF4ANxZUXHwz74SeGQkFi4OYnm0BD2I3GeQvxMKPM=",
        "owner": "nix-community",
        "repo": "nix-vscode-extensions",
        "rev": "fc01ad517af163c76d4493c5959fc5c44244a97f",
        "type": "github"
      },
      "original": {
        "owner": "nix-community",
        "repo": "nix-vscode-extensions",
        "type": "github"
      }
    },
    "nix_2_18": {
      "inputs": {
        "flake-compat": [
          "lix",
          "flake-compat"
        ],
        "lowdown-src": "lowdown-src",
        "nixpkgs": "nixpkgs_4",
        "nixpkgs-regression": [
          "lix",
          "nixpkgs-regression"
        ]
      },
      "locked": {
        "lastModified": 1730375271,
        "narHash": "sha256-RrOFlDGmRXcVRV2p2HqHGqvzGNyWoD0Dado/BNlJ1SI=",
        "owner": "NixOS",
        "repo": "nix",
        "rev": "0f665ff6779454f2117dcc32e44380cda7f45523",
        "type": "github"
      },
      "original": {
        "owner": "NixOS",
        "ref": "2.18.9",
        "repo": "nix",
        "type": "github"
      }
    },
    "nixcord": {
      "inputs": {
        "flake-compat": [
          "flake-compat"
        ],
        "flake-parts": [
          "flake-parts"
        ],
        "nixpkgs": [
          "nixpkgs"
        ]
      },
      "locked": {
        "lastModified": 1750836162,
        "narHash": "sha256-gem0YyVFSOl2Rk44QDcJV55rTKrXKwbd81bGTRzk8Ig=",
        "owner": "KaylorBen",
        "repo": "nixcord",
        "rev": "b3354b598853684bfda58bbef2de62b651168899",
        "type": "github"
      },
      "original": {
        "owner": "KaylorBen",
        "repo": "nixcord",
        "type": "github"
      }
    },
    "nixos-hardware": {
      "locked": {
        "lastModified": 1750837715,
        "narHash": "sha256-2m1ceZjbmgrJCZ2PuQZaK4in3gcg3o6rZ7WK6dr5vAA=",
        "owner": "NixOS",
        "repo": "nixos-hardware",
        "rev": "98236410ea0fe204d0447149537a924fb71a6d4f",
        "type": "github"
      },
      "original": {
        "owner": "NixOS",
        "repo": "nixos-hardware",
        "type": "github"
      }
    },
    "nixpkgs": {
      "locked": {
        "lastModified": 1733212471,
        "narHash": "sha256-M1+uCoV5igihRfcUKrr1riygbe73/dzNnzPsmaLCmpo=",
        "owner": "NixOS",
        "repo": "nixpkgs",
        "rev": "55d15ad12a74eb7d4646254e13638ad0c4128776",
        "type": "github"
      },
      "original": {
        "owner": "NixOS",
        "ref": "nixos-unstable",
        "repo": "nixpkgs",
        "type": "github"
      }
    },
    "nixpkgs-lib": {
      "locked": {
        "lastModified": 1743296961,
        "narHash": "sha256-b1EdN3cULCqtorQ4QeWgLMrd5ZGOjLSLemfa00heasc=",
        "owner": "nix-community",
        "repo": "nixpkgs.lib",
        "rev": "e4822aea2a6d1cdd36653c134cacfd64c97ff4fa",
        "type": "github"
      },
      "original": {
        "owner": "nix-community",
        "repo": "nixpkgs.lib",
        "type": "github"
      }
    },
    "nixpkgs-lib_2": {
      "locked": {
        "lastModified": 1748740939,
        "narHash": "sha256-rQaysilft1aVMwF14xIdGS3sj1yHlI6oKQNBRTF40cc=",
        "owner": "nix-community",
        "repo": "nixpkgs.lib",
        "rev": "656a64127e9d791a334452c6b6606d17539476e2",
        "type": "github"
      },
      "original": {
        "owner": "nix-community",
        "repo": "nixpkgs.lib",
        "type": "github"
      }
    },
    "nixpkgs-regression": {
      "locked": {
        "lastModified": 1643052045,
        "narHash": "sha256-uGJ0VXIhWKGXxkeNnq4TvV3CIOkUJ3PAoLZ3HMzNVMw=",
        "owner": "NixOS",
        "repo": "nixpkgs",
        "rev": "215d4d0fd80ca5163643b03a33fde804a29cc1e2",
        "type": "github"
      },
      "original": {
        "owner": "NixOS",
        "repo": "nixpkgs",
        "rev": "215d4d0fd80ca5163643b03a33fde804a29cc1e2",
        "type": "github"
      }
    },
    "nixpkgs-unstable": {
      "locked": {
        "lastModified": 1750741721,
        "narHash": "sha256-Z0djmTa1YmnGMfE9jEe05oO4zggjDmxOGKwt844bUhE=",
        "owner": "NixOS",
        "repo": "nixpkgs",
        "rev": "4b1164c3215f018c4442463a27689d973cffd750",
        "type": "github"
      },
      "original": {
        "owner": "NixOS",
        "ref": "nixos-unstable",
        "repo": "nixpkgs",
        "type": "github"
      }
    },
    "nixpkgs_2": {
      "locked": {
        "lastModified": 1717432640,
        "narHash": "sha256-+f9c4/ZX5MWDOuB1rKoWj+lBNm0z0rs4CK47HBLxy1o=",
        "owner": "NixOS",
        "repo": "nixpkgs",
        "rev": "88269ab3044128b7c2f4c7d68448b2fb50456870",
        "type": "github"
      },
      "original": {
        "owner": "NixOS",
        "ref": "release-24.05",
        "repo": "nixpkgs",
        "type": "github"
      }
    },
    "nixpkgs_3": {
      "locked": {
        "lastModified": 1746807397,
        "narHash": "sha256-zU2z0jlkJGWLhdNr/8AJSxqK8XD0IlQgHp3VZcP56Aw=",
        "owner": "cachix",
        "repo": "devenv-nixpkgs",
        "rev": "c5208b594838ea8e6cca5997fbf784b7cca1ca90",
        "type": "github"
      },
      "original": {
        "owner": "cachix",
        "ref": "rolling",
        "repo": "devenv-nixpkgs",
        "type": "github"
      }
    },
    "nixpkgs_4": {
      "locked": {
        "lastModified": 1705033721,
        "narHash": "sha256-K5eJHmL1/kev6WuqyqqbS1cdNnSidIZ3jeqJ7GbrYnQ=",
        "owner": "NixOS",
        "repo": "nixpkgs",
        "rev": "a1982c92d8980a0114372973cbdfe0a307f1bdea",
        "type": "github"
      },
      "original": {
        "owner": "NixOS",
        "ref": "nixos-23.05-small",
        "repo": "nixpkgs",
        "type": "github"
      }
    },
    "nixpkgs_5": {
      "locked": {
        "lastModified": 1750784235,
        "narHash": "sha256-IYCCkKerO3lMUcMaDRLfwnfyPopQbGWF8iHRd0XcCBc=",
        "owner": "NixOS",
        "repo": "nixpkgs",
        "rev": "a5e9291e97f5ba0b4ba7d657ddedd5f86d11acfd",
        "type": "github"
      },
      "original": {
        "owner": "NixOS",
        "ref": "nixos-25.05-small",
        "repo": "nixpkgs",
        "type": "github"
      }
    },
    "nur": {
      "inputs": {
        "flake-parts": [
          "flake-parts"
        ],
        "nixpkgs": [
          "nixpkgs"
        ],
        "treefmt-nix": [
          "treefmt-nix"
        ]
      },
      "locked": {
        "lastModified": 1750847184,
        "narHash": "sha256-d2hMmyeQnpX+21Z/gpXnQvyVhB1T8Yi6KP6bnO9A8no=",
        "owner": "nix-community",
        "repo": "NUR",
        "rev": "820be5adb2a34b53cb34686300b46f7d7e41e745",
        "type": "github"
      },
      "original": {
        "owner": "nix-community",
        "repo": "NUR",
        "type": "github"
      }
    },
    "root": {
      "inputs": {
        "catppuccin": "catppuccin",
        "dis": "dis",
        "flake-compat": "flake-compat_2",
        "flake-parts": "flake-parts_3",
        "flake-utils": "flake-utils",
        "helix-editor": "helix-editor",
        "home-manager": "home-manager",
        "jj-vcs": "jj-vcs",
        "lix": "lix",
        "lix-module": "lix-module",
        "nix-darwin": "nix-darwin",
        "nix-vscode-extensions": "nix-vscode-extensions",
        "nixcord": "nixcord",
        "nixos-hardware": "nixos-hardware",
        "nixpkgs": "nixpkgs_5",
        "nixpkgs-unstable": "nixpkgs-unstable",
        "nur": "nur",
        "rust-overlay": "rust-overlay",
        "sops-nix": "sops-nix",
        "treefmt-nix": "treefmt-nix"
      }
    },
    "rust-overlay": {
      "inputs": {
        "nixpkgs": [
          "nixpkgs"
        ]
      },
      "locked": {
        "lastModified": 1750819193,
        "narHash": "sha256-XvkupGPZqD54HuKhN/2WhbKjAHeTl1UEnWspzUzRFfA=",
        "owner": "oxalica",
        "repo": "rust-overlay",
        "rev": "1ba3b9c59b68a4b00156827ad46393127b51b808",
        "type": "github"
      },
      "original": {
        "owner": "oxalica",
        "repo": "rust-overlay",
        "type": "github"
      }
    },
    "sops-nix": {
      "inputs": {
        "nixpkgs": [
          "nixpkgs"
        ]
      },
      "locked": {
        "lastModified": 1750119275,
        "narHash": "sha256-Rr7Pooz9zQbhdVxux16h7URa6mA80Pb/G07T4lHvh0M=",
        "owner": "Mic92",
        "repo": "sops-nix",
        "rev": "77c423a03b9b2b79709ea2cb63336312e78b72e2",
        "type": "github"
      },
      "original": {
        "owner": "Mic92",
        "repo": "sops-nix",
        "type": "github"
      }
    },
    "systems": {
      "locked": {
        "lastModified": 1681028828,
        "narHash": "sha256-Vy1rq5AaRuLzOxct8nz4T6wlgyUR7zLU309k9mBC768=",
        "owner": "nix-systems",
        "repo": "default",
        "rev": "da67096a3b9bf56a91d16901293e51ba5b49a27e",
        "type": "github"
      },
      "original": {
        "owner": "nix-systems",
        "repo": "default",
        "type": "github"
      }
    },
    "treefmt-nix": {
      "inputs": {
        "nixpkgs": [
          "nixpkgs"
        ]
      },
      "locked": {
        "lastModified": 1749194973,
        "narHash": "sha256-eEy8cuS0mZ2j/r/FE0/LYBSBcIs/MKOIVakwHVuqTfk=",
        "owner": "numtide",
        "repo": "treefmt-nix",
        "rev": "a05be418a1af1198ca0f63facb13c985db4cb3c5",
        "type": "github"
      },
      "original": {
        "owner": "numtide",
        "repo": "treefmt-nix",
        "type": "github"
      }
    }
  },
  "root": "root",
  "version": 7
}
